
Microsoft Visual Studio Solution File, Format Version 12.00
# Visual Studio Version 16
VisualStudioVersion = 16.0.30907.101
MinimumVisualStudioVersion = 10.0.40219.1
Project("{FAE04EC0-301F-11D3-BF4B-00C04F79EFBC}") = "SPA1", "SPA1\SPA1.csproj", "{415B6F53-0662-44E4-8A7F-CBD8EF047B37}"
EndProject
Global
	GlobalSection(SolutionConfigurationPlatforms) = preSolution
		Debug|Any CPU = Debug|Any CPU
		Release|Any CPU = Release|Any CPU
	EndGlobalSection
	GlobalSection(ProjectConfigurationPlatforms) = postSolution
		{415B6F53-0662-44E4-8A7F-CBD8EF047B37}.Debug|Any CPU.ActiveCfg = Debug|Any CPU
		{415B6F53-0662-44E4-8A7F-CBD8EF047B37}.Debug|Any CPU.Build.0 = Debug|Any CPU
		{415B6F53-0662-44E4-8A7F-CBD8EF047B37}.Release|Any CPU.ActiveCfg = Release|Any CPU
		{415B6F53-0662-44E4-8A7F-CBD8EF047B37}.Release|Any CPU.Build.0 = Release|Any CPU
	EndGlobalSection
	GlobalSection(SolutionProperties) = preSolution
		HideSolutionNode = FALSE
	EndGlobalSection
	GlobalSection(ExtensibilityGlobals) = postSolution
		SolutionGuid = {E1B829A3-E349-49B8-B4EA-6C3C5DF7C0CA}
	EndGlobalSection
EndGlobal
